
Microsoft Visual Studio Solution File, Format Version 12.00
# Visual Studio Version 16
VisualStudioVersion = 16.0.31729.503
MinimumVisualStudioVersion = 10.0.40219.1
Project("{FAE04EC0-301F-11D3-BF4B-00C04F79EFBC}") = "Assignment6", "Assignment6\Assignment6.csproj", "{52AFB04B-8892-46BF-A7E1-0E3574CBD037}"
EndProject
Global
	GlobalSection(SolutionConfigurationPlatforms) = preSolution
		Debug|Any CPU = Debug|Any CPU
		Release|Any CPU = Release|Any CPU
	EndGlobalSection
	GlobalSection(ProjectConfigurationPlatforms) = postSolution
		{52AFB04B-8892-46BF-A7E1-0E3574CBD037}.Debug|Any CPU.ActiveCfg = Debug|Any CPU
		{52AFB04B-8892-46BF-A7E1-0E3574CBD037}.Debug|Any CPU.Build.0 = Debug|Any CPU
		{52AFB04B-8892-46BF-A7E1-0E3574CBD037}.Release|Any CPU.ActiveCfg = Release|Any CPU
		{52AFB04B-8892-46BF-A7E1-0E3574CBD037}.Release|Any CPU.Build.0 = Release|Any CPU
	EndGlobalSection
	GlobalSection(SolutionProperties) = preSolution
		HideSolutionNode = FALSE
	EndGlobalSection
	GlobalSection(ExtensibilityGlobals) = postSolution
		SolutionGuid = {7B92962F-8AF0-4D6E-AD2E-EF0DD1E7DD08}
	EndGlobalSection
EndGlobal
